<Solution>
  <Folder Name="/tests/">
    <Project Path="tests/ItNewsIntelligenceHub.Application.Tests/ItNewsIntelligenceHub.Application.Tests.csproj" Id="db0dee71-0fcd-4a59-9846-91107e58a1b6" />
    <Project Path="tests/ItNewsIntelligenceHub.Server.IntegrationTests/ItNewsIntelligenceHub.Server.IntegrationTests.csproj" Id="26077533-d898-4f33-aaf5-47cb5d860a88" />
  </Folder>
  <Project Path="ItNewsIntelligenceHub.Application/ItNewsIntelligenceHub.Application.csproj" />
  <Project Path="ItNewsintelligenceHub.Client/ItNewsIntelligenceHub.Client.esproj">
    <Build />
    <Deploy />
  </Project>
  <Project Path="ItNewsIntelligenceHub.Domain/ItNewsIntelligenceHub.Domain.csproj" />
  <Project Path="ItNewsIntelligenceHub.Infrastructure/ItNewsIntelligenceHub.Infrastructure.csproj" />
  <Project Path="ItNewsIntelligenceHub.Server/ItNewsIntelligenceHub.Server.csproj" />
</Solution>
